
Microsoft Visual Studio Solution File, Format Version 12.00
# Visual Studio 15
VisualStudioVersion = 15.0.26124.0
MinimumVisualStudioVersion = 15.0.26124.0
Project("{FAE04EC0-301F-11D3-BF4B-00C04F79EFBC}") = "API", "API\API.csproj", "{DB3D4C44-BAE4-4207-A14F-E9F8E1863243}"
EndProject
Project("{FAE04EC0-301F-11D3-BF4B-00C04F79EFBC}") = "Core", "Core\Core.csproj", "{9D3AE1E5-7779-44E7-B9C4-7ECB9031A39D}"
EndProject
Project("{FAE04EC0-301F-11D3-BF4B-00C04F79EFBC}") = "Infrastructure", "Infrastructure\Infrastructure.csproj", "{03F84B39-5323-4153-995E-FB3DBB499A99}"
EndProject
Global
	GlobalSection(SolutionConfigurationPlatforms) = preSolution
		Debug|Any CPU = Debug|Any CPU
		Debug|x64 = Debug|x64
		Debug|x86 = Debug|x86
		Release|Any CPU = Release|Any CPU
		Release|x64 = Release|x64
		Release|x86 = Release|x86
	EndGlobalSection
	GlobalSection(SolutionProperties) = preSolution
		HideSolutionNode = FALSE
	EndGlobalSection
	GlobalSection(ProjectConfigurationPlatforms) = postSolution
		{DB3D4C44-BAE4-4207-A14F-E9F8E1863243}.Debug|Any CPU.ActiveCfg = Debug|Any CPU
		{DB3D4C44-BAE4-4207-A14F-E9F8E1863243}.Debug|Any CPU.Build.0 = Debug|Any CPU
		{DB3D4C44-BAE4-4207-A14F-E9F8E1863243}.Debug|x64.ActiveCfg = Debug|Any CPU
		{DB3D4C44-BAE4-4207-A14F-E9F8E1863243}.Debug|x64.Build.0 = Debug|Any CPU
		{DB3D4C44-BAE4-4207-A14F-E9F8E1863243}.Debug|x86.ActiveCfg = Debug|Any CPU
		{DB3D4C44-BAE4-4207-A14F-E9F8E1863243}.Debug|x86.Build.0 = Debug|Any CPU
		{DB3D4C44-BAE4-4207-A14F-E9F8E1863243}.Release|Any CPU.ActiveCfg = Release|Any CPU
		{DB3D4C44-BAE4-4207-A14F-E9F8E1863243}.Release|Any CPU.Build.0 = Release|Any CPU
		{DB3D4C44-BAE4-4207-A14F-E9F8E1863243}.Release|x64.ActiveCfg = Release|Any CPU
		{DB3D4C44-BAE4-4207-A14F-E9F8E1863243}.Release|x64.Build.0 = Release|Any CPU
		{DB3D4C44-BAE4-4207-A14F-E9F8E1863243}.Release|x86.ActiveCfg = Release|Any CPU
		{DB3D4C44-BAE4-4207-A14F-E9F8E1863243}.Release|x86.Build.0 = Release|Any CPU
		{9D3AE1E5-7779-44E7-B9C4-7ECB9031A39D}.Debug|Any CPU.ActiveCfg = Debug|Any CPU
		{9D3AE1E5-7779-44E7-B9C4-7ECB9031A39D}.Debug|Any CPU.Build.0 = Debug|Any CPU
		{9D3AE1E5-7779-44E7-B9C4-7ECB9031A39D}.Debug|x64.ActiveCfg = Debug|Any CPU
		{9D3AE1E5-7779-44E7-B9C4-7ECB9031A39D}.Debug|x64.Build.0 = Debug|Any CPU
		{9D3AE1E5-7779-44E7-B9C4-7ECB9031A39D}.Debug|x86.ActiveCfg = Debug|Any CPU
		{9D3AE1E5-7779-44E7-B9C4-7ECB9031A39D}.Debug|x86.Build.0 = Debug|Any CPU
		{9D3AE1E5-7779-44E7-B9C4-7ECB9031A39D}.Release|Any CPU.ActiveCfg = Release|Any CPU
		{9D3AE1E5-7779-44E7-B9C4-7ECB9031A39D}.Release|Any CPU.Build.0 = Release|Any CPU
		{9D3AE1E5-7779-44E7-B9C4-7ECB9031A39D}.Release|x64.ActiveCfg = Release|Any CPU
		{9D3AE1E5-7779-44E7-B9C4-7ECB9031A39D}.Release|x64.Build.0 = Release|Any CPU
		{9D3AE1E5-7779-44E7-B9C4-7ECB9031A39D}.Release|x86.ActiveCfg = Release|Any CPU
		{9D3AE1E5-7779-44E7-B9C4-7ECB9031A39D}.Release|x86.Build.0 = Release|Any CPU
		{03F84B39-5323-4153-995E-FB3DBB499A99}.Debug|Any CPU.ActiveCfg = Debug|Any CPU
		{03F84B39-5323-4153-995E-FB3DBB499A99}.Debug|Any CPU.Build.0 = Debug|Any CPU
		{03F84B39-5323-4153-995E-FB3DBB499A99}.Debug|x64.ActiveCfg = Debug|Any CPU
		{03F84B39-5323-4153-995E-FB3DBB499A99}.Debug|x64.Build.0 = Debug|Any CPU
		{03F84B39-5323-4153-995E-FB3DBB499A99}.Debug|x86.ActiveCfg = Debug|Any CPU
		{03F84B39-5323-4153-995E-FB3DBB499A99}.Debug|x86.Build.0 = Debug|Any CPU
		{03F84B39-5323-4153-995E-FB3DBB499A99}.Release|Any CPU.ActiveCfg = Release|Any CPU
		{03F84B39-5323-4153-995E-FB3DBB499A99}.Release|Any CPU.Build.0 = Release|Any CPU
		{03F84B39-5323-4153-995E-FB3DBB499A99}.Release|x64.ActiveCfg = Release|Any CPU
		{03F84B39-5323-4153-995E-FB3DBB499A99}.Release|x64.Build.0 = Release|Any CPU
		{03F84B39-5323-4153-995E-FB3DBB499A99}.Release|x86.ActiveCfg = Release|Any CPU
		{03F84B39-5323-4153-995E-FB3DBB499A99}.Release|x86.Build.0 = Release|Any CPU
	EndGlobalSection
EndGlobal
